
Microsoft Visual Studio Solution File, Format Version 12.00
# Visual Studio 2013
VisualStudioVersion = 12.0.31101.0
MinimumVisualStudioVersion = 10.0.40219.1
Project("{FAE04EC0-301F-11D3-BF4B-00C04F79EFBC}") = "XMIS.Report.Core.DAL.Tests", "XMIS.Report.Core.DAL.Tests\XMIS.Report.Core.DAL.Tests.csproj", "{77CA34A8-3A64-4C7B-A2C9-B7E49423C025}"
EndProject
Project("{FAE04EC0-301F-11D3-BF4B-00C04F79EFBC}") = "XMIS.Report.Core.DAL", "XMIS.Report.Core.DAL\XMIS.Report.Core.DAL.csproj", "{E39CCCBF-DB18-437B-92D2-B4FACC0A0D28}"
EndProject
Project("{FAE04EC0-301F-11D3-BF4B-00C04F79EFBC}") = "XMIS.Report.Core.BLL", "XMIS.Report.Core.BLL\XMIS.Report.Core.BLL.csproj", "{12A58FD3-4205-4986-9353-7A735FEC4240}"
EndProject
Project("{FAE04EC0-301F-11D3-BF4B-00C04F79EFBC}") = "Main", "Main\Main.csproj", "{C2D2C629-F83F-4D13-ACD1-DB1E2FB1B871}"
EndProject
Project("{FAE04EC0-301F-11D3-BF4B-00C04F79EFBC}") = "XMIS.Report.Domain", "XMIS.Report.Domain\XMIS.Report.Domain.csproj", "{0C7D743A-C539-41F1-8827-442F9AA10A42}"
EndProject
Project("{FAE04EC0-301F-11D3-BF4B-00C04F79EFBC}") = "XMIS.Report.Domain.Default", "XMIS.Report.Domain.Default\XMIS.Report.Domain.Default.csproj", "{C15EC840-69FF-4B17-9817-574E7AA830F5}"
EndProject
Project("{FAE04EC0-301F-11D3-BF4B-00C04F79EFBC}") = "XMIS.Report.Transform", "XMIS.Report.Transform\XMIS.Report.Transform.csproj", "{2453D1F2-1101-4C79-B289-46882B37980E}"
EndProject
Project("{FAE04EC0-301F-11D3-BF4B-00C04F79EFBC}") = "XMIS.Report.Core.Processor", "XMIS.Report.Core.Processor\XMIS.Report.Core.Processor.csproj", "{50196231-2ABB-4064-B200-12FEB3AA1277}"
EndProject
Global
	GlobalSection(SolutionConfigurationPlatforms) = preSolution
		Debug|Any CPU = Debug|Any CPU
		Release|Any CPU = Release|Any CPU
	EndGlobalSection
	GlobalSection(ProjectConfigurationPlatforms) = postSolution
		{77CA34A8-3A64-4C7B-A2C9-B7E49423C025}.Debug|Any CPU.ActiveCfg = Debug|Any CPU
		{77CA34A8-3A64-4C7B-A2C9-B7E49423C025}.Debug|Any CPU.Build.0 = Debug|Any CPU
		{77CA34A8-3A64-4C7B-A2C9-B7E49423C025}.Release|Any CPU.ActiveCfg = Release|Any CPU
		{77CA34A8-3A64-4C7B-A2C9-B7E49423C025}.Release|Any CPU.Build.0 = Release|Any CPU
		{E39CCCBF-DB18-437B-92D2-B4FACC0A0D28}.Debug|Any CPU.ActiveCfg = Debug|Any CPU
		{E39CCCBF-DB18-437B-92D2-B4FACC0A0D28}.Debug|Any CPU.Build.0 = Debug|Any CPU
		{E39CCCBF-DB18-437B-92D2-B4FACC0A0D28}.Release|Any CPU.ActiveCfg = Release|Any CPU
		{E39CCCBF-DB18-437B-92D2-B4FACC0A0D28}.Release|Any CPU.Build.0 = Release|Any CPU
		{12A58FD3-4205-4986-9353-7A735FEC4240}.Debug|Any CPU.ActiveCfg = Debug|Any CPU
		{12A58FD3-4205-4986-9353-7A735FEC4240}.Debug|Any CPU.Build.0 = Debug|Any CPU
		{12A58FD3-4205-4986-9353-7A735FEC4240}.Release|Any CPU.ActiveCfg = Release|Any CPU
		{12A58FD3-4205-4986-9353-7A735FEC4240}.Release|Any CPU.Build.0 = Release|Any CPU
		{C2D2C629-F83F-4D13-ACD1-DB1E2FB1B871}.Debug|Any CPU.ActiveCfg = Debug|Any CPU
		{C2D2C629-F83F-4D13-ACD1-DB1E2FB1B871}.Debug|Any CPU.Build.0 = Debug|Any CPU
		{C2D2C629-F83F-4D13-ACD1-DB1E2FB1B871}.Release|Any CPU.ActiveCfg = Release|Any CPU
		{C2D2C629-F83F-4D13-ACD1-DB1E2FB1B871}.Release|Any CPU.Build.0 = Release|Any CPU
		{0C7D743A-C539-41F1-8827-442F9AA10A42}.Debug|Any CPU.ActiveCfg = Debug|Any CPU
		{0C7D743A-C539-41F1-8827-442F9AA10A42}.Debug|Any CPU.Build.0 = Debug|Any CPU
		{0C7D743A-C539-41F1-8827-442F9AA10A42}.Release|Any CPU.ActiveCfg = Release|Any CPU
		{0C7D743A-C539-41F1-8827-442F9AA10A42}.Release|Any CPU.Build.0 = Release|Any CPU
		{C15EC840-69FF-4B17-9817-574E7AA830F5}.Debug|Any CPU.ActiveCfg = Debug|Any CPU
		{C15EC840-69FF-4B17-9817-574E7AA830F5}.Debug|Any CPU.Build.0 = Debug|Any CPU
		{C15EC840-69FF-4B17-9817-574E7AA830F5}.Release|Any CPU.ActiveCfg = Release|Any CPU
		{C15EC840-69FF-4B17-9817-574E7AA830F5}.Release|Any CPU.Build.0 = Release|Any CPU
		{2453D1F2-1101-4C79-B289-46882B37980E}.Debug|Any CPU.ActiveCfg = Debug|Any CPU
		{2453D1F2-1101-4C79-B289-46882B37980E}.Debug|Any CPU.Build.0 = Debug|Any CPU
		{2453D1F2-1101-4C79-B289-46882B37980E}.Release|Any CPU.ActiveCfg = Release|Any CPU
		{2453D1F2-1101-4C79-B289-46882B37980E}.Release|Any CPU.Build.0 = Release|Any CPU
		{50196231-2ABB-4064-B200-12FEB3AA1277}.Debug|Any CPU.ActiveCfg = Debug|Any CPU
		{50196231-2ABB-4064-B200-12FEB3AA1277}.Debug|Any CPU.Build.0 = Debug|Any CPU
		{50196231-2ABB-4064-B200-12FEB3AA1277}.Release|Any CPU.ActiveCfg = Release|Any CPU
		{50196231-2ABB-4064-B200-12FEB3AA1277}.Release|Any CPU.Build.0 = Release|Any CPU
	EndGlobalSection
	GlobalSection(SolutionProperties) = preSolution
		HideSolutionNode = FALSE
	EndGlobalSection
EndGlobal
